
Microsoft Visual Studio Solution File, Format Version 12.00
Project("{FAE04EC0-301F-11D3-BF4B-00C04F79EFBC}") = "ConcurrencyPractice", "ConcurrencyPractice\ConcurrencyPractice.csproj", "{006BA6C3-5AC1-4EF3-AF9B-177A2FA0A512}"
EndProject
Global
	GlobalSection(SolutionConfigurationPlatforms) = preSolution
		Debug|Any CPU = Debug|Any CPU
		Release|Any CPU = Release|Any CPU
	EndGlobalSection
	GlobalSection(ProjectConfigurationPlatforms) = postSolution
		{006BA6C3-5AC1-4EF3-AF9B-177A2FA0A512}.Debug|Any CPU.ActiveCfg = Debug|Any CPU
		{006BA6C3-5AC1-4EF3-AF9B-177A2FA0A512}.Debug|Any CPU.Build.0 = Debug|Any CPU
		{006BA6C3-5AC1-4EF3-AF9B-177A2FA0A512}.Release|Any CPU.ActiveCfg = Release|Any CPU
		{006BA6C3-5AC1-4EF3-AF9B-177A2FA0A512}.Release|Any CPU.Build.0 = Release|Any CPU
	EndGlobalSection
EndGlobal
